// !$*UTF8*$!
{
	archiveVersion = 1;
	classes = {
	};
	objectVersion = 50;
	objects = {

/* Begin PBXBuildFile section */
		192222BF245D0A09001364E9 /* Utils.swift in Sources */ = {isa = PBXBuildFile; fileRef = 192222BE245D0A09001364E9 /* Utils.swift */; };
		192222C1245D0B63001364E9 /* GameViewController+MultipeerSession.swift in Sources */ = {isa = PBXBuildFile; fileRef = 192222C0245D0B63001364E9 /* GameViewController+MultipeerSession.swift */; };
		192EEFE3243A7F9D00EAE788 /* GameViewController.swift in Sources */ = {isa = PBXBuildFile; fileRef = 192EEFE2243A7F9D00EAE788 /* GameViewController.swift */; };
		1935BBAC24290F9500C764C1 /* AppDelegate.swift in Sources */ = {isa = PBXBuildFile; fileRef = 1935BBAB24290F9500C764C1 /* AppDelegate.swift */; };
		1935BBB324290F9500C764C1 /* Main.storyboard in Resources */ = {isa = PBXBuildFile; fileRef = 1935BBB124290F9500C764C1 /* Main.storyboard */; };
		1935BBB524290F9800C764C1 /* Assets.xcassets in Resources */ = {isa = PBXBuildFile; fileRef = 1935BBB424290F9800C764C1 /* Assets.xcassets */; };
		1935BBB824290F9800C764C1 /* LaunchScreen.storyboard in Resources */ = {isa = PBXBuildFile; fileRef = 1935BBB624290F9800C764C1 /* LaunchScreen.storyboard */; };
		19363E652489AFA900698A72 /* regular.usdz in Resources */ = {isa = PBXBuildFile; fileRef = 19363E642489AFA800698A72 /* regular.usdz */; };
		195C8041249DDB370075C4B7 /* circle_effect.usdz in Resources */ = {isa = PBXBuildFile; fileRef = 195C8040249DDB370075C4B7 /* circle_effect.usdz */; };
		198A28B524B24469002DD151 /* flying.usdz in Resources */ = {isa = PBXBuildFile; fileRef = 198A28B424B24469002DD151 /* flying.usdz */; };
		198A28B724B244F9002DD151 /* small.usdz in Resources */ = {isa = PBXBuildFile; fileRef = 198A28B624B244F9002DD151 /* small.usdz */; };
		198A28BA24B27C85002DD151 /* heavy.usdz in Resources */ = {isa = PBXBuildFile; fileRef = 198A28B924B27C85002DD151 /* heavy.usdz */; };
		198E215024BAF1A5008FBB56 /* MenuViewController.swift in Sources */ = {isa = PBXBuildFile; fileRef = 198E214F24BAF1A5008FBB56 /* MenuViewController.swift */; };
		19A2055D2498984F00C70054 /* hud_placing.usdz in Resources */ = {isa = PBXBuildFile; fileRef = 19A2055B2498984F00C70054 /* hud_placing.usdz */; };
		19A205602498993700C70054 /* selectionRing.usdz in Resources */ = {isa = PBXBuildFile; fileRef = 19A2055F2498993700C70054 /* selectionRing.usdz */; };
		19A205622498999700C70054 /* here.usdz in Resources */ = {isa = PBXBuildFile; fileRef = 19A205612498999700C70054 /* here.usdz */; };
		19C4135824E9D674003AE195 /* Models.swift in Sources */ = {isa = PBXBuildFile; fileRef = 19C4135724E9D674003AE195 /* Models.swift */; };
		19CA62C62454500D007F9198 /* MultipeerSession.swift in Sources */ = {isa = PBXBuildFile; fileRef = 19CA62C52454500D007F9198 /* MultipeerSession.swift */; };
		19CA62C824545074007F9198 /* GameViewController+CoachingOverlay.swift in Sources */ = {isa = PBXBuildFile; fileRef = 19CA62C724545074007F9198 /* GameViewController+CoachingOverlay.swift */; };
		19CDD42924B559AD00551CE8 /* spawnPort.usdz in Resources */ = {isa = PBXBuildFile; fileRef = 19CDD42824B559AD00551CE8 /* spawnPort.usdz */; };
		19CDD42D24B5839100551CE8 /* goal.usdz in Resources */ = {isa = PBXBuildFile; fileRef = 19CDD42C24B5839100551CE8 /* goal.usdz */; };
		19CDD43124B5A9DD00551CE8 /* pathUpwards.usdz in Resources */ = {isa = PBXBuildFile; fileRef = 19CDD43024B5A9DD00551CE8 /* pathUpwards.usdz */; };
		19CDD43B24B5B04000551CE8 /* barracksLvl2.usdz in Resources */ = {isa = PBXBuildFile; fileRef = 19CDD43224B5B03D00551CE8 /* barracksLvl2.usdz */; };
		19CDD43C24B5B04000551CE8 /* barracksLvl1.usdz in Resources */ = {isa = PBXBuildFile; fileRef = 19CDD43324B5B03D00551CE8 /* barracksLvl1.usdz */; };
		19CDD43D24B5B04000551CE8 /* rocketLvl1.usdz in Resources */ = {isa = PBXBuildFile; fileRef = 19CDD43424B5B03E00551CE8 /* rocketLvl1.usdz */; };
		19CDD43E24B5B04000551CE8 /* rocketLvl3.usdz in Resources */ = {isa = PBXBuildFile; fileRef = 19CDD43524B5B03E00551CE8 /* rocketLvl3.usdz */; };
		19CDD43F24B5B04000551CE8 /* rocketLvl2.usdz in Resources */ = {isa = PBXBuildFile; fileRef = 19CDD43624B5B03E00551CE8 /* rocketLvl2.usdz */; };
		19CDD44024B5B04000551CE8 /* turretLvl3.usdz in Resources */ = {isa = PBXBuildFile; fileRef = 19CDD43724B5B03F00551CE8 /* turretLvl3.usdz */; };
		19CDD44124B5B04000551CE8 /* turretLvl2.usdz in Resources */ = {isa = PBXBuildFile; fileRef = 19CDD43824B5B03F00551CE8 /* turretLvl2.usdz */; };
		19CDD44224B5B04000551CE8 /* barracksLvl3.usdz in Resources */ = {isa = PBXBuildFile; fileRef = 19CDD43924B5B03F00551CE8 /* barracksLvl3.usdz */; };
		19CDD44324B5B04000551CE8 /* turretLvl1.usdz in Resources */ = {isa = PBXBuildFile; fileRef = 19CDD43A24B5B03F00551CE8 /* turretLvl1.usdz */; };
		19CDD44524B5B12600551CE8 /* pathDownwards.usdz in Resources */ = {isa = PBXBuildFile; fileRef = 19CDD44424B5B12600551CE8 /* pathDownwards.usdz */; };
		19CDD44724B64D6500551CE8 /* ModelUtils.swift in Sources */ = {isa = PBXBuildFile; fileRef = 19CDD44624B64D6400551CE8 /* ModelUtils.swift */; };
		19E2F5622496FC6300879050 /* bullet.usdz in Resources */ = {isa = PBXBuildFile; fileRef = 19E2F5612496FC6300879050 /* bullet.usdz */; };
		19E51B352478B37C00443998 /* Map.swift in Sources */ = {isa = PBXBuildFile; fileRef = 19E51B342478B37C00443998 /* Map.swift */; };
		19E51B372478B6F500443998 /* config.json in Resources */ = {isa = PBXBuildFile; fileRef = 19E51B362478B6F500443998 /* config.json */; };
		BA52D6E02647032A00557B07 /* lvl06_ground002.usdz in Resources */ = {isa = PBXBuildFile; fileRef = BA52D6B32647030300557B07 /* lvl06_ground002.usdz */; };
		BA52D6E12647032A00557B07 /* lvl01_ground003.usdz in Resources */ = {isa = PBXBuildFile; fileRef = BA52D6B42647030D00557B07 /* lvl01_ground003.usdz */; };
		BA52D6E22647032A00557B07 /* lvl01_ground004.usdz in Resources */ = {isa = PBXBuildFile; fileRef = BA52D6B52647031300557B07 /* lvl01_ground004.usdz */; };
		BA52D6E32647032A00557B07 /* lvl04_ground001.usdz in Resources */ = {isa = PBXBuildFile; fileRef = BA52D6B62647031800557B07 /* lvl04_ground001.usdz */; };
		BA52D6E42647032A00557B07 /* lvl05_ground005.usdz in Resources */ = {isa = PBXBuildFile; fileRef = BA52D6B72647031800557B07 /* lvl05_ground005.usdz */; };
		BA52D6E52647032A00557B07 /* lvl03_ground001.usdz in Resources */ = {isa = PBXBuildFile; fileRef = BA52D6B82647031900557B07 /* lvl03_ground001.usdz */; };
		BA52D6E62647032A00557B07 /* lvl02_ground001.usdz in Resources */ = {isa = PBXBuildFile; fileRef = BA52D6B92647031A00557B07 /* lvl02_ground001.usdz */; };
		BA52D6E72647032A00557B07 /* lvl04_ground005.usdz in Resources */ = {isa = PBXBuildFile; fileRef = BA52D6BA2647031A00557B07 /* lvl04_ground005.usdz */; };
		BA52D6E82647032A00557B07 /* lvl06_higherpath001.usdz in Resources */ = {isa = PBXBuildFile; fileRef = BA52D6BB2647031B00557B07 /* lvl06_higherpath001.usdz */; };
		BA52D6E92647032A00557B07 /* lvl06_ground001.usdz in Resources */ = {isa = PBXBuildFile; fileRef = BA52D6BC2647031B00557B07 /* lvl06_ground001.usdz */; };
		BA52D6EA2647032A00557B07 /* lvl04_ground004.usdz in Resources */ = {isa = PBXBuildFile; fileRef = BA52D6BD2647031B00557B07 /* lvl04_ground004.usdz */; };
		BA52D6EB2647032A00557B07 /* lvl04_higherpath002.usdz in Resources */ = {isa = PBXBuildFile; fileRef = BA52D6BE2647031C00557B07 /* lvl04_higherpath002.usdz */; };
		BA52D6EC2647032A00557B07 /* lvl05_higherpath003.usdz in Resources */ = {isa = PBXBuildFile; fileRef = BA52D6BF2647031C00557B07 /* lvl05_higherpath003.usdz */; };
		BA52D6ED2647032A00557B07 /* lvl04_higherpath001.usdz in Resources */ = {isa = PBXBuildFile; fileRef = BA52D6C02647031D00557B07 /* lvl04_higherpath001.usdz */; };
		BA52D6EE2647032A00557B07 /* lvl04_higherpath003.usdz in Resources */ = {isa = PBXBuildFile; fileRef = BA52D6C12647031D00557B07 /* lvl04_higherpath003.usdz */; };
		BA52D6F02647032A00557B07 /* lvl01_ground002.usdz in Resources */ = {isa = PBXBuildFile; fileRef = BA52D6C32647031E00557B07 /* lvl01_ground002.usdz */; };
		BA52D6F32647032A00557B07 /* lvl05_higherpath004.usdz in Resources */ = {isa = PBXBuildFile; fileRef = BA52D6C62647032000557B07 /* lvl05_higherpath004.usdz */; };
		BA52D6F42647032A00557B07 /* lvl02_ground005.usdz in Resources */ = {isa = PBXBuildFile; fileRef = BA52D6C72647032000557B07 /* lvl02_ground005.usdz */; };
		BA52D6F52647032A00557B07 /* lvl05_ground001.usdz in Resources */ = {isa = PBXBuildFile; fileRef = BA52D6C82647032000557B07 /* lvl05_ground001.usdz */; };
		BA52D6F62647032A00557B07 /* lvl06_higherbase001.usdz in Resources */ = {isa = PBXBuildFile; fileRef = BA52D6C92647032100557B07 /* lvl06_higherbase001.usdz */; };
		BA52D6F72647032A00557B07 /* lvl06_ground003.usdz in Resources */ = {isa = PBXBuildFile; fileRef = BA52D6CA2647032100557B07 /* lvl06_ground003.usdz */; };
		BA52D6F82647032A00557B07 /* lvl01_ground001.usdz in Resources */ = {isa = PBXBuildFile; fileRef = BA52D6CB2647032200557B07 /* lvl01_ground001.usdz */; };
		BA52D6F92647032A00557B07 /* lvl06_ground004.usdz in Resources */ = {isa = PBXBuildFile; fileRef = BA52D6CC2647032200557B07 /* lvl06_ground004.usdz */; };
		BA52D6FA2647032A00557B07 /* lvl05_ground004.usdz in Resources */ = {isa = PBXBuildFile; fileRef = BA52D6CD2647032200557B07 /* lvl05_ground004.usdz */; };
		BA52D6FB2647032A00557B07 /* lvl06_higherpath002.usdz in Resources */ = {isa = PBXBuildFile; fileRef = BA52D6CE2647032200557B07 /* lvl06_higherpath002.usdz */; };
		BA52D6FC2647032A00557B07 /* lvl04_ground002.usdz in Resources */ = {isa = PBXBuildFile; fileRef = BA52D6CF2647032300557B07 /* lvl04_ground002.usdz */; };
		BA52D6FD2647032A00557B07 /* lvl04_ground003.usdz in Resources */ = {isa = PBXBuildFile; fileRef = BA52D6D02647032300557B07 /* lvl04_ground003.usdz */; };
		BA52D6FE2647032A00557B07 /* lvl02_ground003.usdz in Resources */ = {isa = PBXBuildFile; fileRef = BA52D6D12647032400557B07 /* lvl02_ground003.usdz */; };
		BA52D6FF2647032A00557B07 /* lvl05_ground002.usdz in Resources */ = {isa = PBXBuildFile; fileRef = BA52D6D22647032400557B07 /* lvl05_ground002.usdz */; };
		BA52D7002647032A00557B07 /* lvl06_ground005.usdz in Resources */ = {isa = PBXBuildFile; fileRef = BA52D6D32647032400557B07 /* lvl06_ground005.usdz */; };
		BA52D7012647032A00557B07 /* lvl03_ground005.usdz in Resources */ = {isa = PBXBuildFile; fileRef = BA52D6D42647032400557B07 /* lvl03_ground005.usdz */; };
		BA52D7032647032A00557B07 /* lvl05_higherpath002.usdz in Resources */ = {isa = PBXBuildFile; fileRef = BA52D6D62647032700557B07 /* lvl05_higherpath002.usdz */; };
		BA52D7042647032A00557B07 /* lvl06_higherpath003.usdz in Resources */ = {isa = PBXBuildFile; fileRef = BA52D6D72647032700557B07 /* lvl06_higherpath003.usdz */; };
		BA52D7052647032A00557B07 /* lvl05_ground003.usdz in Resources */ = {isa = PBXBuildFile; fileRef = BA52D6D82647032800557B07 /* lvl05_ground003.usdz */; };
		BA52D7062647032A00557B07 /* lvl06_higherpath004.usdz in Resources */ = {isa = PBXBuildFile; fileRef = BA52D6D92647032800557B07 /* lvl06_higherpath004.usdz */; };
		BA52D7072647032A00557B07 /* lvl03_ground002.usdz in Resources */ = {isa = PBXBuildFile; fileRef = BA52D6DA2647032800557B07 /* lvl03_ground002.usdz */; };
		BA52D7082647032A00557B07 /* lvl02_ground002.usdz in Resources */ = {isa = PBXBuildFile; fileRef = BA52D6DB2647032900557B07 /* lvl02_ground002.usdz */; };
		BA52D7092647032A00557B07 /* lvl03_ground004.usdz in Resources */ = {isa = PBXBuildFile; fileRef = BA52D6DC2647032900557B07 /* lvl03_ground004.usdz */; };
		BA52D70A2647032A00557B07 /* lvl01_ground005.usdz in Resources */ = {isa = PBXBuildFile; fileRef = BA52D6DD2647032900557B07 /* lvl01_ground005.usdz */; };
		BA52D70B2647032A00557B07 /* lvl03_ground003.usdz in Resources */ = {isa = PBXBuildFile; fileRef = BA52D6DE2647032A00557B07 /* lvl03_ground003.usdz */; };
		BA52D70C2647032A00557B07 /* lvl02_ground004.usdz in Resources */ = {isa = PBXBuildFile; fileRef = BA52D6DF2647032A00557B07 /* lvl02_ground004.usdz */; };
		BA6EFE0C263D4CDA00294730 /* lvl00_neutral002.usdz in Resources */ = {isa = PBXBuildFile; fileRef = BA6EFE0B263D4CDA00294730 /* lvl00_neutral002.usdz */; };
		BA6EFE0F263DF39000294730 /* path.usdz in Resources */ = {isa = PBXBuildFile; fileRef = BA6EFE0E263DF39000294730 /* path.usdz */; };
		BAB59BFF264714AB008FA2FE /* towerPlacing.usdz in Resources */ = {isa = PBXBuildFile; fileRef = BAB59BFE264714AB008FA2FE /* towerPlacing.usdz */; };
		BAB59C032648A7B2008FA2FE /* lvl04_higherpath004.usdz in Resources */ = {isa = PBXBuildFile; fileRef = BAB59C022648A7B2008FA2FE /* lvl04_higherpath004.usdz */; };
		BAC13DFF262B502400EAD8B5 /* neutralFloorTemplate.usdz in Resources */ = {isa = PBXBuildFile; fileRef = BAC13DFE262B502400EAD8B5 /* neutralFloorTemplate.usdz */; };
		BAE86015265095A8001CA7D3 /* lvl05_higherpath001.usdz in Resources */ = {isa = PBXBuildFile; fileRef = BAE86013265095A8001CA7D3 /* lvl05_higherpath001.usdz */; };
		BAE86016265095A8001CA7D3 /* lvl05_higherpath005.usdz in Resources */ = {isa = PBXBuildFile; fileRef = BAE86014265095A8001CA7D3 /* lvl05_higherpath005.usdz */; };
		BAE8601B2650ACA0001CA7D3 /* lvl05_higherbase001.usdz in Resources */ = {isa = PBXBuildFile; fileRef = BAE860192650AC9F001CA7D3 /* lvl05_higherbase001.usdz */; };
		BAE8601C2650ACA0001CA7D3 /* lvl04_higherbase001.usdz in Resources */ = {isa = PBXBuildFile; fileRef = BAE8601A2650ACA0001CA7D3 /* lvl04_higherbase001.usdz */; };
/* End PBXBuildFile section */

/* Begin PBXFileReference section */
		192222BE245D0A09001364E9 /* Utils.swift */ = {isa = PBXFileReference; lastKnownFileType = sourcecode.swift; path = Utils.swift; sourceTree = "<group>"; };
		192222C0245D0B63001364E9 /* GameViewController+MultipeerSession.swift */ = {isa = PBXFileReference; lastKnownFileType = sourcecode.swift; path = "GameViewController+MultipeerSession.swift"; sourceTree = "<group>"; };
		192EEFE2243A7F9D00EAE788 /* GameViewController.swift */ = {isa = PBXFileReference; fileEncoding = 4; lastKnownFileType = sourcecode.swift; path = GameViewController.swift; sourceTree = "<group>"; };
		1935BBA824290F9500C764C1 /* First Attempt.app */ = {isa = PBXFileReference; explicitFileType = wrapper.application; includeInIndex = 0; path = "First Attempt.app"; sourceTree = BUILT_PRODUCTS_DIR; };
		1935BBAB24290F9500C764C1 /* AppDelegate.swift */ = {isa = PBXFileReference; lastKnownFileType = sourcecode.swift; path = AppDelegate.swift; sourceTree = "<group>"; };
		1935BBB224290F9500C764C1 /* Base */ = {isa = PBXFileReference; lastKnownFileType = file.storyboard; name = Base; path = Base.lproj/Main.storyboard; sourceTree = "<group>"; };
		1935BBB424290F9800C764C1 /* Assets.xcassets */ = {isa = PBXFileReference; lastKnownFileType = folder.assetcatalog; path = Assets.xcassets; sourceTree = "<group>"; };
		1935BBB724290F9800C764C1 /* Base */ = {isa = PBXFileReference; lastKnownFileType = file.storyboard; name = Base; path = Base.lproj/LaunchScreen.storyboard; sourceTree = "<group>"; };
		1935BBB924290F9800C764C1 /* Info.plist */ = {isa = PBXFileReference; lastKnownFileType = text.plist.xml; path = Info.plist; sourceTree = "<group>"; };
		19363E642489AFA800698A72 /* regular.usdz */ = {isa = PBXFileReference; lastKnownFileType = file.usdz; path = regular.usdz; sourceTree = "<group>"; };
		195C8040249DDB370075C4B7 /* circle_effect.usdz */ = {isa = PBXFileReference; lastKnownFileType = file.usdz; path = circle_effect.usdz; sourceTree = "<group>"; };
		198A28B424B24469002DD151 /* flying.usdz */ = {isa = PBXFileReference; lastKnownFileType = file.usdz; path = flying.usdz; sourceTree = "<group>"; };
		198A28B624B244F9002DD151 /* small.usdz */ = {isa = PBXFileReference; lastKnownFileType = file.usdz; path = small.usdz; sourceTree = "<group>"; };
		198A28B924B27C85002DD151 /* heavy.usdz */ = {isa = PBXFileReference; lastKnownFileType = file.usdz; path = heavy.usdz; sourceTree = "<group>"; };
		198E214F24BAF1A5008FBB56 /* MenuViewController.swift */ = {isa = PBXFileReference; lastKnownFileType = sourcecode.swift; path = MenuViewController.swift; sourceTree = "<group>"; };
		19A2055B2498984F00C70054 /* hud_placing.usdz */ = {isa = PBXFileReference; lastKnownFileType = file.usdz; path = hud_placing.usdz; sourceTree = "<group>"; };
		19A2055F2498993700C70054 /* selectionRing.usdz */ = {isa = PBXFileReference; lastKnownFileType = file.usdz; path = selectionRing.usdz; sourceTree = "<group>"; };
		19A205612498999700C70054 /* here.usdz */ = {isa = PBXFileReference; lastKnownFileType = file.usdz; path = here.usdz; sourceTree = "<group>"; };
		19B0EDD3243851700045E263 /* WebRTC.framework */ = {isa = PBXFileReference; lastKnownFileType = wrapper.framework; name = WebRTC.framework; path = Pods/GoogleWebRTC/Frameworks/frameworks/WebRTC.framework; sourceTree = "<group>"; };
		19C4135724E9D674003AE195 /* Models.swift */ = {isa = PBXFileReference; lastKnownFileType = sourcecode.swift; path = Models.swift; sourceTree = "<group>"; };
		19CA62C52454500D007F9198 /* MultipeerSession.swift */ = {isa = PBXFileReference; fileEncoding = 4; lastKnownFileType = sourcecode.swift; path = MultipeerSession.swift; sourceTree = "<group>"; };
		19CA62C724545074007F9198 /* GameViewController+CoachingOverlay.swift */ = {isa = PBXFileReference; fileEncoding = 4; lastKnownFileType = sourcecode.swift; path = "GameViewController+CoachingOverlay.swift"; sourceTree = "<group>"; };
		19CDD42824B559AD00551CE8 /* spawnPort.usdz */ = {isa = PBXFileReference; lastKnownFileType = file.usdz; path = spawnPort.usdz; sourceTree = "<group>"; };
		19CDD42C24B5839100551CE8 /* goal.usdz */ = {isa = PBXFileReference; lastKnownFileType = file.usdz; path = goal.usdz; sourceTree = "<group>"; };
		19CDD43024B5A9DD00551CE8 /* pathUpwards.usdz */ = {isa = PBXFileReference; lastKnownFileType = file.usdz; path = pathUpwards.usdz; sourceTree = "<group>"; };
		19CDD43224B5B03D00551CE8 /* barracksLvl2.usdz */ = {isa = PBXFileReference; lastKnownFileType = file.usdz; path = barracksLvl2.usdz; sourceTree = "<group>"; };
		19CDD43324B5B03D00551CE8 /* barracksLvl1.usdz */ = {isa = PBXFileReference; lastKnownFileType = file.usdz; path = barracksLvl1.usdz; sourceTree = "<group>"; };
		19CDD43424B5B03E00551CE8 /* rocketLvl1.usdz */ = {isa = PBXFileReference; lastKnownFileType = file.usdz; path = rocketLvl1.usdz; sourceTree = "<group>"; };
		19CDD43524B5B03E00551CE8 /* rocketLvl3.usdz */ = {isa = PBXFileReference; lastKnownFileType = file.usdz; path = rocketLvl3.usdz; sourceTree = "<group>"; };
		19CDD43624B5B03E00551CE8 /* rocketLvl2.usdz */ = {isa = PBXFileReference; lastKnownFileType = file.usdz; path = rocketLvl2.usdz; sourceTree = "<group>"; };
		19CDD43724B5B03F00551CE8 /* turretLvl3.usdz */ = {isa = PBXFileReference; lastKnownFileType = file.usdz; path = turretLvl3.usdz; sourceTree = "<group>"; };
		19CDD43824B5B03F00551CE8 /* turretLvl2.usdz */ = {isa = PBXFileReference; lastKnownFileType = file.usdz; path = turretLvl2.usdz; sourceTree = "<group>"; };
		19CDD43924B5B03F00551CE8 /* barracksLvl3.usdz */ = {isa = PBXFileReference; lastKnownFileType = file.usdz; path = barracksLvl3.usdz; sourceTree = "<group>"; };
		19CDD43A24B5B03F00551CE8 /* turretLvl1.usdz */ = {isa = PBXFileReference; lastKnownFileType = file.usdz; path = turretLvl1.usdz; sourceTree = "<group>"; };
		19CDD44424B5B12600551CE8 /* pathDownwards.usdz */ = {isa = PBXFileReference; lastKnownFileType = file.usdz; path = pathDownwards.usdz; sourceTree = "<group>"; };
		19CDD44624B64D6400551CE8 /* ModelUtils.swift */ = {isa = PBXFileReference; lastKnownFileType = sourcecode.swift; path = ModelUtils.swift; sourceTree = "<group>"; };
		19E2F5612496FC6300879050 /* bullet.usdz */ = {isa = PBXFileReference; lastKnownFileType = file.usdz; path = bullet.usdz; sourceTree = "<group>"; };
		19E51B342478B37C00443998 /* Map.swift */ = {isa = PBXFileReference; lastKnownFileType = sourcecode.swift; path = Map.swift; sourceTree = "<group>"; };
		19E51B362478B6F500443998 /* config.json */ = {isa = PBXFileReference; lastKnownFileType = text.json; path = config.json; sourceTree = "<group>"; };
		BA52D6B32647030300557B07 /* lvl06_ground002.usdz */ = {isa = PBXFileReference; lastKnownFileType = file.usdz; path = lvl06_ground002.usdz; sourceTree = "<group>"; };
		BA52D6B42647030D00557B07 /* lvl01_ground003.usdz */ = {isa = PBXFileReference; lastKnownFileType = file.usdz; path = lvl01_ground003.usdz; sourceTree = "<group>"; };
		BA52D6B52647031300557B07 /* lvl01_ground004.usdz */ = {isa = PBXFileReference; lastKnownFileType = file.usdz; path = lvl01_ground004.usdz; sourceTree = "<group>"; };
		BA52D6B62647031800557B07 /* lvl04_ground001.usdz */ = {isa = PBXFileReference; lastKnownFileType = file.usdz; path = lvl04_ground001.usdz; sourceTree = "<group>"; };
		BA52D6B72647031800557B07 /* lvl05_ground005.usdz */ = {isa = PBXFileReference; lastKnownFileType = file.usdz; path = lvl05_ground005.usdz; sourceTree = "<group>"; };
		BA52D6B82647031900557B07 /* lvl03_ground001.usdz */ = {isa = PBXFileReference; lastKnownFileType = file.usdz; path = lvl03_ground001.usdz; sourceTree = "<group>"; };
		BA52D6B92647031A00557B07 /* lvl02_ground001.usdz */ = {isa = PBXFileReference; lastKnownFileType = file.usdz; path = lvl02_ground001.usdz; sourceTree = "<group>"; };
		BA52D6BA2647031A00557B07 /* lvl04_ground005.usdz */ = {isa = PBXFileReference; lastKnownFileType = file.usdz; path = lvl04_ground005.usdz; sourceTree = "<group>"; };
		BA52D6BB2647031B00557B07 /* lvl06_higherpath001.usdz */ = {isa = PBXFileReference; lastKnownFileType = file.usdz; path = lvl06_higherpath001.usdz; sourceTree = "<group>"; };
		BA52D6BC2647031B00557B07 /* lvl06_ground001.usdz */ = {isa = PBXFileReference; lastKnownFileType = file.usdz; path = lvl06_ground001.usdz; sourceTree = "<group>"; };
		BA52D6BD2647031B00557B07 /* lvl04_ground004.usdz */ = {isa = PBXFileReference; lastKnownFileType = file.usdz; path = lvl04_ground004.usdz; sourceTree = "<group>"; };
		BA52D6BE2647031C00557B07 /* lvl04_higherpath002.usdz */ = {isa = PBXFileReference; lastKnownFileType = file.usdz; path = lvl04_higherpath002.usdz; sourceTree = "<group>"; };
		BA52D6BF2647031C00557B07 /* lvl05_higherpath003.usdz */ = {isa = PBXFileReference; lastKnownFileType = file.usdz; path = lvl05_higherpath003.usdz; sourceTree = "<group>"; };
		BA52D6C02647031D00557B07 /* lvl04_higherpath001.usdz */ = {isa = PBXFileReference; lastKnownFileType = file.usdz; path = lvl04_higherpath001.usdz; sourceTree = "<group>"; };
		BA52D6C12647031D00557B07 /* lvl04_higherpath003.usdz */ = {isa = PBXFileReference; lastKnownFileType = file.usdz; path = lvl04_higherpath003.usdz; sourceTree = "<group>"; };
		BA52D6C32647031E00557B07 /* lvl01_ground002.usdz */ = {isa = PBXFileReference; lastKnownFileType = file.usdz; path = lvl01_ground002.usdz; sourceTree = "<group>"; };
		BA52D6C62647032000557B07 /* lvl05_higherpath004.usdz */ = {isa = PBXFileReference; lastKnownFileType = file.usdz; path = lvl05_higherpath004.usdz; sourceTree = "<group>"; };
		BA52D6C72647032000557B07 /* lvl02_ground005.usdz */ = {isa = PBXFileReference; lastKnownFileType = file.usdz; path = lvl02_ground005.usdz; sourceTree = "<group>"; };
		BA52D6C82647032000557B07 /* lvl05_ground001.usdz */ = {isa = PBXFileReference; lastKnownFileType = file.usdz; path = lvl05_ground001.usdz; sourceTree = "<group>"; };
		BA52D6C92647032100557B07 /* lvl06_higherbase001.usdz */ = {isa = PBXFileReference; lastKnownFileType = file.usdz; path = lvl06_higherbase001.usdz; sourceTree = "<group>"; };
		BA52D6CA2647032100557B07 /* lvl06_ground003.usdz */ = {isa = PBXFileReference; lastKnownFileType = file.usdz; path = lvl06_ground003.usdz; sourceTree = "<group>"; };
		BA52D6CB2647032200557B07 /* lvl01_ground001.usdz */ = {isa = PBXFileReference; lastKnownFileType = file.usdz; path = lvl01_ground001.usdz; sourceTree = "<group>"; };
		BA52D6CC2647032200557B07 /* lvl06_ground004.usdz */ = {isa = PBXFileReference; lastKnownFileType = file.usdz; path = lvl06_ground004.usdz; sourceTree = "<group>"; };
		BA52D6CD2647032200557B07 /* lvl05_ground004.usdz */ = {isa = PBXFileReference; lastKnownFileType = file.usdz; path = lvl05_ground004.usdz; sourceTree = "<group>"; };
		BA52D6CE2647032200557B07 /* lvl06_higherpath002.usdz */ = {isa = PBXFileReference; lastKnownFileType = file.usdz; path = lvl06_higherpath002.usdz; sourceTree = "<group>"; };
		BA52D6CF2647032300557B07 /* lvl04_ground002.usdz */ = {isa = PBXFileReference; lastKnownFileType = file.usdz; path = lvl04_ground002.usdz; sourceTree = "<group>"; };
		BA52D6D02647032300557B07 /* lvl04_ground003.usdz */ = {isa = PBXFileReference; lastKnownFileType = file.usdz; path = lvl04_ground003.usdz; sourceTree = "<group>"; };
		BA52D6D12647032400557B07 /* lvl02_ground003.usdz */ = {isa = PBXFileReference; lastKnownFileType = file.usdz; path = lvl02_ground003.usdz; sourceTree = "<group>"; };
		BA52D6D22647032400557B07 /* lvl05_ground002.usdz */ = {isa = PBXFileReference; lastKnownFileType = file.usdz; path = lvl05_ground002.usdz; sourceTree = "<group>"; };
		BA52D6D32647032400557B07 /* lvl06_ground005.usdz */ = {isa = PBXFileReference; lastKnownFileType = file.usdz; path = lvl06_ground005.usdz; sourceTree = "<group>"; };
		BA52D6D42647032400557B07 /* lvl03_ground005.usdz */ = {isa = PBXFileReference; lastKnownFileType = file.usdz; path = lvl03_ground005.usdz; sourceTree = "<group>"; };
		BA52D6D62647032700557B07 /* lvl05_higherpath002.usdz */ = {isa = PBXFileReference; lastKnownFileType = file.usdz; path = lvl05_higherpath002.usdz; sourceTree = "<group>"; };
		BA52D6D72647032700557B07 /* lvl06_higherpath003.usdz */ = {isa = PBXFileReference; lastKnownFileType = file.usdz; path = lvl06_higherpath003.usdz; sourceTree = "<group>"; };
		BA52D6D82647032800557B07 /* lvl05_ground003.usdz */ = {isa = PBXFileReference; lastKnownFileType = file.usdz; path = lvl05_ground003.usdz; sourceTree = "<group>"; };
		BA52D6D92647032800557B07 /* lvl06_higherpath004.usdz */ = {isa = PBXFileReference; lastKnownFileType = file.usdz; path = lvl06_higherpath004.usdz; sourceTree = "<group>"; };
		BA52D6DA2647032800557B07 /* lvl03_ground002.usdz */ = {isa = PBXFileReference; lastKnownFileType = file.usdz; path = lvl03_ground002.usdz; sourceTree = "<group>"; };
		BA52D6DB2647032900557B07 /* lvl02_ground002.usdz */ = {isa = PBXFileReference; lastKnownFileType = file.usdz; path = lvl02_ground002.usdz; sourceTree = "<group>"; };
		BA52D6DC2647032900557B07 /* lvl03_ground004.usdz */ = {isa = PBXFileReference; lastKnownFileType = file.usdz; path = lvl03_ground004.usdz; sourceTree = "<group>"; };
		BA52D6DD2647032900557B07 /* lvl01_ground005.usdz */ = {isa = PBXFileReference; lastKnownFileType = file.usdz; path = lvl01_ground005.usdz; sourceTree = "<group>"; };
		BA52D6DE2647032A00557B07 /* lvl03_ground003.usdz */ = {isa = PBXFileReference; lastKnownFileType = file.usdz; path = lvl03_ground003.usdz; sourceTree = "<group>"; };
		BA52D6DF2647032A00557B07 /* lvl02_ground004.usdz */ = {isa = PBXFileReference; lastKnownFileType = file.usdz; path = lvl02_ground004.usdz; sourceTree = "<group>"; };
		BA6EFE0B263D4CDA00294730 /* lvl00_neutral002.usdz */ = {isa = PBXFileReference; lastKnownFileType = file.usdz; path = lvl00_neutral002.usdz; sourceTree = "<group>"; };
		BA6EFE0E263DF39000294730 /* path.usdz */ = {isa = PBXFileReference; lastKnownFileType = file.usdz; path = path.usdz; sourceTree = "<group>"; };
		BAB59BFE264714AB008FA2FE /* towerPlacing.usdz */ = {isa = PBXFileReference; lastKnownFileType = file.usdz; path = towerPlacing.usdz; sourceTree = "<group>"; };
		BAB59C022648A7B2008FA2FE /* lvl04_higherpath004.usdz */ = {isa = PBXFileReference; lastKnownFileType = file.usdz; path = lvl04_higherpath004.usdz; sourceTree = "<group>"; };
		BAC13DFE262B502400EAD8B5 /* neutralFloorTemplate.usdz */ = {isa = PBXFileReference; lastKnownFileType = file.usdz; path = neutralFloorTemplate.usdz; sourceTree = "<group>"; };
		BAE86013265095A8001CA7D3 /* lvl05_higherpath001.usdz */ = {isa = PBXFileReference; lastKnownFileType = file.usdz; path = lvl05_higherpath001.usdz; sourceTree = "<group>"; };
		BAE86014265095A8001CA7D3 /* lvl05_higherpath005.usdz */ = {isa = PBXFileReference; lastKnownFileType = file.usdz; path = lvl05_higherpath005.usdz; sourceTree = "<group>"; };
		BAE860192650AC9F001CA7D3 /* lvl05_higherbase001.usdz */ = {isa = PBXFileReference; lastKnownFileType = file.usdz; path = lvl05_higherbase001.usdz; sourceTree = "<group>"; };
		BAE8601A2650ACA0001CA7D3 /* lvl04_higherbase001.usdz */ = {isa = PBXFileReference; lastKnownFileType = file.usdz; path = lvl04_higherbase001.usdz; sourceTree = "<group>"; };
/* End PBXFileReference section */

/* Begin PBXFrameworksBuildPhase section */
		1935BBA524290F9500C764C1 /* Frameworks */ = {
			isa = PBXFrameworksBuildPhase;
			buildActionMask = 2147483647;
			files = (
			);
			runOnlyForDeploymentPostprocessing = 0;
		};
/* End PBXFrameworksBuildPhase section */

/* Begin PBXGroup section */
		19163583249A0A4300B8D6EF /* creeps */ = {
			isa = PBXGroup;
			children = (
				198A28B924B27C85002DD151 /* heavy.usdz */,
				198A28B624B244F9002DD151 /* small.usdz */,
				198A28B424B24469002DD151 /* flying.usdz */,
				19363E642489AFA800698A72 /* regular.usdz */,
			);
			path = creeps;
			sourceTree = "<group>";
		};
		191B2A2124B233300010E66E /* Game */ = {
			isa = PBXGroup;
			children = (
				1935BBAB24290F9500C764C1 /* AppDelegate.swift */,
				192EEFE2243A7F9D00EAE788 /* GameViewController.swift */,
				192222C0245D0B63001364E9 /* GameViewController+MultipeerSession.swift */,
				19CA62C724545074007F9198 /* GameViewController+CoachingOverlay.swift */,
				198E214F24BAF1A5008FBB56 /* MenuViewController.swift */,
			);
			path = Game;
			sourceTree = "<group>";
		};
		192222C2245D0B6D001364E9 /* Network */ = {
			isa = PBXGroup;
			children = (
				19CA62C52454500D007F9198 /* MultipeerSession.swift */,
			);
			path = Network;
			sourceTree = "<group>";
		};
		192222C3245D0B84001364E9 /* Utils */ = {
			isa = PBXGroup;
			children = (
				19E51B362478B6F500443998 /* config.json */,
				192222BE245D0A09001364E9 /* Utils.swift */,
				19E51B342478B37C00443998 /* Map.swift */,
				19CDD44624B64D6400551CE8 /* ModelUtils.swift */,
				19C4135724E9D674003AE195 /* Models.swift */,
			);
			path = Utils;
			sourceTree = "<group>";
		};
		1935BB9F24290F9400C764C1 = {
			isa = PBXGroup;
			children = (
				1935BBAA24290F9500C764C1 /* First Attempt */,
				1935BBA924290F9500C764C1 /* Products */,
				7013098FE4898254999337E4 /* Pods */,
				EB7395D52FBF922820E95978 /* Frameworks */,
			);
			sourceTree = "<group>";
		};
		1935BBA924290F9500C764C1 /* Products */ = {
			isa = PBXGroup;
			children = (
				1935BBA824290F9500C764C1 /* First Attempt.app */,
			);
			name = Products;
			sourceTree = "<group>";
		};
		1935BBAA24290F9500C764C1 /* First Attempt */ = {
			isa = PBXGroup;
			children = (
				192222C2245D0B6D001364E9 /* Network */,
				191B2A2124B233300010E66E /* Game */,
				192222C3245D0B84001364E9 /* Utils */,
				1935BBB124290F9500C764C1 /* Main.storyboard */,
				1935BBB424290F9800C764C1 /* Assets.xcassets */,
				19B61AF52491F9DB00980B59 /* 3DModels */,
				1935BBB624290F9800C764C1 /* LaunchScreen.storyboard */,
				1935BBB924290F9800C764C1 /* Info.plist */,
			);
			path = "First Attempt";
			sourceTree = "<group>";
		};
		198A28B824B25372002DD151 /* accesories */ = {
			isa = PBXGroup;
			children = (
				19A2055F2498993700C70054 /* selectionRing.usdz */,
				195C8040249DDB370075C4B7 /* circle_effect.usdz */,
				19E2F5612496FC6300879050 /* bullet.usdz */,
			);
			path = accesories;
			sourceTree = "<group>";
		};
		19B61AF52491F9DB00980B59 /* 3DModels */ = {
			isa = PBXGroup;
			children = (
				BA6EFE0A263D4CB600294730 /* neutrals */,
				BA60C5B926341B3C00A7EC30 /* levels */,
				19163583249A0A4300B8D6EF /* creeps */,
				19E2F56D2497591000879050 /* paths */,
				19E2F56C249758FB00879050 /* towers */,
				19E2F5692497464300879050 /* map */,
			);
			path = 3DModels;
			sourceTree = "<group>";
		};
		19E2F5692497464300879050 /* map */ = {
			isa = PBXGroup;
			children = (
				BAB59BFE264714AB008FA2FE /* towerPlacing.usdz */,
				BAC13DFE262B502400EAD8B5 /* neutralFloorTemplate.usdz */,
				19CDD42C24B5839100551CE8 /* goal.usdz */,
				19CDD42824B559AD00551CE8 /* spawnPort.usdz */,
				19A205612498999700C70054 /* here.usdz */,
				19A2055B2498984F00C70054 /* hud_placing.usdz */,
			);
			path = map;
			sourceTree = "<group>";
		};
		19E2F56C249758FB00879050 /* towers */ = {
			isa = PBXGroup;
			children = (
				19CDD43324B5B03D00551CE8 /* barracksLvl1.usdz */,
				19CDD43224B5B03D00551CE8 /* barracksLvl2.usdz */,
				19CDD43924B5B03F00551CE8 /* barracksLvl3.usdz */,
				19CDD43424B5B03E00551CE8 /* rocketLvl1.usdz */,
				19CDD43624B5B03E00551CE8 /* rocketLvl2.usdz */,
				19CDD43524B5B03E00551CE8 /* rocketLvl3.usdz */,
				19CDD43A24B5B03F00551CE8 /* turretLvl1.usdz */,
				19CDD43824B5B03F00551CE8 /* turretLvl2.usdz */,
				19CDD43724B5B03F00551CE8 /* turretLvl3.usdz */,
				198A28B824B25372002DD151 /* accesories */,
			);
			path = towers;
			sourceTree = "<group>";
		};
		19E2F56D2497591000879050 /* paths */ = {
			isa = PBXGroup;
			children = (
				BA6EFE0E263DF39000294730 /* path.usdz */,
				19CDD44424B5B12600551CE8 /* pathDownwards.usdz */,
				19CDD43024B5A9DD00551CE8 /* pathUpwards.usdz */,
			);
			path = paths;
			sourceTree = "<group>";
		};
		7013098FE4898254999337E4 /* Pods */ = {
			isa = PBXGroup;
			children = (
			);
			path = Pods;
			sourceTree = "<group>";
		};
		BA60C5B926341B3C00A7EC30 /* levels */ = {
			isa = PBXGroup;
			children = (
				BAE8601A2650ACA0001CA7D3 /* lvl04_higherbase001.usdz */,
				BAE860192650AC9F001CA7D3 /* lvl05_higherbase001.usdz */,
				BA52D6CB2647032200557B07 /* lvl01_ground001.usdz */,
				BA52D6C32647031E00557B07 /* lvl01_ground002.usdz */,
				BA52D6B42647030D00557B07 /* lvl01_ground003.usdz */,
				BA52D6B52647031300557B07 /* lvl01_ground004.usdz */,
				BA52D6DD2647032900557B07 /* lvl01_ground005.usdz */,
				BA52D6B92647031A00557B07 /* lvl02_ground001.usdz */,
				BA52D6DB2647032900557B07 /* lvl02_ground002.usdz */,
				BA52D6D12647032400557B07 /* lvl02_ground003.usdz */,
				BA52D6DF2647032A00557B07 /* lvl02_ground004.usdz */,
				BA52D6C72647032000557B07 /* lvl02_ground005.usdz */,
				BA52D6B82647031900557B07 /* lvl03_ground001.usdz */,
				BA52D6DA2647032800557B07 /* lvl03_ground002.usdz */,
				BA52D6DE2647032A00557B07 /* lvl03_ground003.usdz */,
				BA52D6DC2647032900557B07 /* lvl03_ground004.usdz */,
				BA52D6D42647032400557B07 /* lvl03_ground005.usdz */,
				BA52D6B62647031800557B07 /* lvl04_ground001.usdz */,
				BA52D6CF2647032300557B07 /* lvl04_ground002.usdz */,
				BA52D6D02647032300557B07 /* lvl04_ground003.usdz */,
				BA52D6BD2647031B00557B07 /* lvl04_ground004.usdz */,
				BA52D6BA2647031A00557B07 /* lvl04_ground005.usdz */,
				BA52D6C02647031D00557B07 /* lvl04_higherpath001.usdz */,
				BA52D6BE2647031C00557B07 /* lvl04_higherpath002.usdz */,
				BA52D6C12647031D00557B07 /* lvl04_higherpath003.usdz */,
				BAB59C022648A7B2008FA2FE /* lvl04_higherpath004.usdz */,
				BA52D6C82647032000557B07 /* lvl05_ground001.usdz */,
				BA52D6D22647032400557B07 /* lvl05_ground002.usdz */,
				BA52D6D82647032800557B07 /* lvl05_ground003.usdz */,
				BA52D6CD2647032200557B07 /* lvl05_ground004.usdz */,
				BAE86013265095A8001CA7D3 /* lvl05_higherpath001.usdz */,
				BAE86014265095A8001CA7D3 /* lvl05_higherpath005.usdz */,
				BA52D6B72647031800557B07 /* lvl05_ground005.usdz */,
				BA52D6D62647032700557B07 /* lvl05_higherpath002.usdz */,
				BA52D6BF2647031C00557B07 /* lvl05_higherpath003.usdz */,
				BA52D6C62647032000557B07 /* lvl05_higherpath004.usdz */,
				BA52D6BC2647031B00557B07 /* lvl06_ground001.usdz */,
				BA52D6B32647030300557B07 /* lvl06_ground002.usdz */,
				BA52D6CA2647032100557B07 /* lvl06_ground003.usdz */,
				BA52D6CC2647032200557B07 /* lvl06_ground004.usdz */,
				BA52D6D32647032400557B07 /* lvl06_ground005.usdz */,
				BA52D6C92647032100557B07 /* lvl06_higherbase001.usdz */,
				BA52D6BB2647031B00557B07 /* lvl06_higherpath001.usdz */,
				BA52D6CE2647032200557B07 /* lvl06_higherpath002.usdz */,
				BA52D6D72647032700557B07 /* lvl06_higherpath003.usdz */,
				BA52D6D92647032800557B07 /* lvl06_higherpath004.usdz */,
			);
			path = levels;
			sourceTree = "<group>";
		};
		BA6EFE0A263D4CB600294730 /* neutrals */ = {
			isa = PBXGroup;
			children = (
				BA6EFE0B263D4CDA00294730 /* lvl00_neutral002.usdz */,
			);
			path = neutrals;
			sourceTree = "<group>";
		};
		EB7395D52FBF922820E95978 /* Frameworks */ = {
			isa = PBXGroup;
			children = (
				19B0EDD3243851700045E263 /* WebRTC.framework */,
			);
			name = Frameworks;
			sourceTree = "<group>";
		};
/* End PBXGroup section */

/* Begin PBXNativeTarget section */
		1935BBA724290F9500C764C1 /* First Attempt */ = {
			isa = PBXNativeTarget;
			buildConfigurationList = 1935BBBC24290F9800C764C1 /* Build configuration list for PBXNativeTarget "First Attempt" */;
			buildPhases = (
				1935BBA424290F9500C764C1 /* Sources */,
				1935BBA524290F9500C764C1 /* Frameworks */,
				1935BBA624290F9500C764C1 /* Resources */,
			);
			buildRules = (
			);
			dependencies = (
			);
			name = "First Attempt";
			productName = "First Attempt";
			productReference = 1935BBA824290F9500C764C1 /* First Attempt.app */;
			productType = "com.apple.product-type.application";
		};
/* End PBXNativeTarget section */

/* Begin PBXProject section */
		1935BBA024290F9400C764C1 /* Project object */ = {
			isa = PBXProject;
			attributes = {
				LastSwiftUpdateCheck = 1130;
				LastUpgradeCheck = 1240;
				ORGANIZATIONNAME = "Daniel Aragon";
				TargetAttributes = {
					1935BBA724290F9500C764C1 = {
						CreatedOnToolsVersion = 11.3.1;
					};
				};
			};
			buildConfigurationList = 1935BBA324290F9400C764C1 /* Build configuration list for PBXProject "First Attempt" */;
			compatibilityVersion = "Xcode 9.3";
			developmentRegion = en;
			hasScannedForEncodings = 0;
			knownRegions = (
				en,
				Base,
			);
			mainGroup = 1935BB9F24290F9400C764C1;
			productRefGroup = 1935BBA924290F9500C764C1 /* Products */;
			projectDirPath = "";
			projectRoot = "";
			targets = (
				1935BBA724290F9500C764C1 /* First Attempt */,
			);
		};
/* End PBXProject section */

/* Begin PBXResourcesBuildPhase section */
		1935BBA624290F9500C764C1 /* Resources */ = {
			isa = PBXResourcesBuildPhase;
			buildActionMask = 2147483647;
			files = (
				BA52D70C2647032A00557B07 /* lvl02_ground004.usdz in Resources */,
				BA52D6FA2647032A00557B07 /* lvl05_ground004.usdz in Resources */,
				19CDD44024B5B04000551CE8 /* turretLvl3.usdz in Resources */,
				BA52D6FC2647032A00557B07 /* lvl04_ground002.usdz in Resources */,
				1935BBB824290F9800C764C1 /* LaunchScreen.storyboard in Resources */,
				BA52D6F32647032A00557B07 /* lvl05_higherpath004.usdz in Resources */,
				BAE8601B2650ACA0001CA7D3 /* lvl05_higherbase001.usdz in Resources */,
				BAB59BFF264714AB008FA2FE /* towerPlacing.usdz in Resources */,
				19E51B372478B6F500443998 /* config.json in Resources */,
				BA52D6E92647032A00557B07 /* lvl06_ground001.usdz in Resources */,
				BA52D6F02647032A00557B07 /* lvl01_ground002.usdz in Resources */,
				BA52D7062647032A00557B07 /* lvl06_higherpath004.usdz in Resources */,
				BA52D7092647032A00557B07 /* lvl03_ground004.usdz in Resources */,
				19CDD43F24B5B04000551CE8 /* rocketLvl2.usdz in Resources */,
				BA52D6E22647032A00557B07 /* lvl01_ground004.usdz in Resources */,
				19CDD43C24B5B04000551CE8 /* barracksLvl1.usdz in Resources */,
				BA6EFE0F263DF39000294730 /* path.usdz in Resources */,
				19CDD43E24B5B04000551CE8 /* rocketLvl3.usdz in Resources */,
				BA52D6E72647032A00557B07 /* lvl04_ground005.usdz in Resources */,
				BA52D7072647032A00557B07 /* lvl03_ground002.usdz in Resources */,
				BA52D7052647032A00557B07 /* lvl05_ground003.usdz in Resources */,
				BA52D70A2647032A00557B07 /* lvl01_ground005.usdz in Resources */,
				19A2055D2498984F00C70054 /* hud_placing.usdz in Resources */,
				198A28B524B24469002DD151 /* flying.usdz in Resources */,
				BAC13DFF262B502400EAD8B5 /* neutralFloorTemplate.usdz in Resources */,
				BA52D6FD2647032A00557B07 /* lvl04_ground003.usdz in Resources */,
				19E2F5622496FC6300879050 /* bullet.usdz in Resources */,
				BA52D70B2647032A00557B07 /* lvl03_ground003.usdz in Resources */,
				BAE86016265095A8001CA7D3 /* lvl05_higherpath005.usdz in Resources */,
				1935BBB524290F9800C764C1 /* Assets.xcassets in Resources */,
				BA6EFE0C263D4CDA00294730 /* lvl00_neutral002.usdz in Resources */,
				1935BBB324290F9500C764C1 /* Main.storyboard in Resources */,
				BA52D7082647032A00557B07 /* lvl02_ground002.usdz in Resources */,
				BA52D6F62647032A00557B07 /* lvl06_higherbase001.usdz in Resources */,
				195C8041249DDB370075C4B7 /* circle_effect.usdz in Resources */,
				BA52D6E02647032A00557B07 /* lvl06_ground002.usdz in Resources */,
				BAE8601C2650ACA0001CA7D3 /* lvl04_higherbase001.usdz in Resources */,
				BA52D6EE2647032A00557B07 /* lvl04_higherpath003.usdz in Resources */,
				198A28B724B244F9002DD151 /* small.usdz in Resources */,
				BA52D6E32647032A00557B07 /* lvl04_ground001.usdz in Resources */,
				BA52D6ED2647032A00557B07 /* lvl04_higherpath001.usdz in Resources */,
				BA52D6FF2647032A00557B07 /* lvl05_ground002.usdz in Resources */,
				BA52D6E52647032A00557B07 /* lvl03_ground001.usdz in Resources */,
				BA52D6F82647032A00557B07 /* lvl01_ground001.usdz in Resources */,
				BA52D6EC2647032A00557B07 /* lvl05_higherpath003.usdz in Resources */,
				19CDD43D24B5B04000551CE8 /* rocketLvl1.usdz in Resources */,
				BA52D6F52647032A00557B07 /* lvl05_ground001.usdz in Resources */,
				BA52D7002647032A00557B07 /* lvl06_ground005.usdz in Resources */,
				19CDD43124B5A9DD00551CE8 /* pathUpwards.usdz in Resources */,
				BA52D6E62647032A00557B07 /* lvl02_ground001.usdz in Resources */,
				BA52D7032647032A00557B07 /* lvl05_higherpath002.usdz in Resources */,
				19A205622498999700C70054 /* here.usdz in Resources */,
				19A205602498993700C70054 /* selectionRing.usdz in Resources */,
				19CDD42924B559AD00551CE8 /* spawnPort.usdz in Resources */,
				BA52D6F92647032A00557B07 /* lvl06_ground004.usdz in Resources */,
				BA52D6F72647032A00557B07 /* lvl06_ground003.usdz in Resources */,
				BA52D6FB2647032A00557B07 /* lvl06_higherpath002.usdz in Resources */,
				198A28BA24B27C85002DD151 /* heavy.usdz in Resources */,
				BA52D6E42647032A00557B07 /* lvl05_ground005.usdz in Resources */,
				BA52D6E12647032A00557B07 /* lvl01_ground003.usdz in Resources */,
				19CDD43B24B5B04000551CE8 /* barracksLvl2.usdz in Resources */,
				19CDD44224B5B04000551CE8 /* barracksLvl3.usdz in Resources */,
				BA52D6F42647032A00557B07 /* lvl02_ground005.usdz in Resources */,
				19CDD44524B5B12600551CE8 /* pathDownwards.usdz in Resources */,
				BA52D6EB2647032A00557B07 /* lvl04_higherpath002.usdz in Resources */,
				BAB59C032648A7B2008FA2FE /* lvl04_higherpath004.usdz in Resources */,
				19CDD42D24B5839100551CE8 /* goal.usdz in Resources */,
				BA52D6E82647032A00557B07 /* lvl06_higherpath001.usdz in Resources */,
				BAE86015265095A8001CA7D3 /* lvl05_higherpath001.usdz in Resources */,
				19CDD44324B5B04000551CE8 /* turretLvl1.usdz in Resources */,
				19CDD44124B5B04000551CE8 /* turretLvl2.usdz in Resources */,
				BA52D7012647032A00557B07 /* lvl03_ground005.usdz in Resources */,
				BA52D7042647032A00557B07 /* lvl06_higherpath003.usdz in Resources */,
				19363E652489AFA900698A72 /* regular.usdz in Resources */,
				BA52D6FE2647032A00557B07 /* lvl02_ground003.usdz in Resources */,
				BA52D6EA2647032A00557B07 /* lvl04_ground004.usdz in Resources */,
			);
			runOnlyForDeploymentPostprocessing = 0;
		};
/* End PBXResourcesBuildPhase section */

/* Begin PBXSourcesBuildPhase section */
		1935BBA424290F9500C764C1 /* Sources */ = {
			isa = PBXSourcesBuildPhase;
			buildActionMask = 2147483647;
			files = (
				19CA62C62454500D007F9198 /* MultipeerSession.swift in Sources */,
				19CDD44724B64D6500551CE8 /* ModelUtils.swift in Sources */,
				19CA62C824545074007F9198 /* GameViewController+CoachingOverlay.swift in Sources */,
				1935BBAC24290F9500C764C1 /* AppDelegate.swift in Sources */,
				198E215024BAF1A5008FBB56 /* MenuViewController.swift in Sources */,
				192EEFE3243A7F9D00EAE788 /* GameViewController.swift in Sources */,
				192222BF245D0A09001364E9 /* Utils.swift in Sources */,
				19E51B352478B37C00443998 /* Map.swift in Sources */,
				192222C1245D0B63001364E9 /* GameViewController+MultipeerSession.swift in Sources */,
				19C4135824E9D674003AE195 /* Models.swift in Sources */,
			);
			runOnlyForDeploymentPostprocessing = 0;
		};
/* End PBXSourcesBuildPhase section */

/* Begin PBXVariantGroup section */
		1935BBB124290F9500C764C1 /* Main.storyboard */ = {
			isa = PBXVariantGroup;
			children = (
				1935BBB224290F9500C764C1 /* Base */,
			);
			name = Main.storyboard;
			sourceTree = "<group>";
		};
		1935BBB624290F9800C764C1 /* LaunchScreen.storyboard */ = {
			isa = PBXVariantGroup;
			children = (
				1935BBB724290F9800C764C1 /* Base */,
			);
			name = LaunchScreen.storyboard;
			sourceTree = "<group>";
		};
/* End PBXVariantGroup section */

/* Begin XCBuildConfiguration section */
		1935BBBA24290F9800C764C1 /* Debug */ = {
			isa = XCBuildConfiguration;
			buildSettings = {
				ALWAYS_SEARCH_USER_PATHS = NO;
				CLANG_ANALYZER_NONNULL = YES;
				CLANG_ANALYZER_NUMBER_OBJECT_CONVERSION = YES_AGGRESSIVE;
				CLANG_CXX_LANGUAGE_STANDARD = "gnu++14";
				CLANG_CXX_LIBRARY = "libc++";
				CLANG_ENABLE_MODULES = YES;
				CLANG_ENABLE_OBJC_ARC = YES;
				CLANG_ENABLE_OBJC_WEAK = YES;
				CLANG_WARN_BLOCK_CAPTURE_AUTORELEASING = YES;
				CLANG_WARN_BOOL_CONVERSION = YES;
				CLANG_WARN_COMMA = YES;
				CLANG_WARN_CONSTANT_CONVERSION = YES;
				CLANG_WARN_DEPRECATED_OBJC_IMPLEMENTATIONS = YES;
				CLANG_WARN_DIRECT_OBJC_ISA_USAGE = YES_ERROR;
				CLANG_WARN_DOCUMENTATION_COMMENTS = YES;
				CLANG_WARN_EMPTY_BODY = YES;
				CLANG_WARN_ENUM_CONVERSION = YES;
				CLANG_WARN_INFINITE_RECURSION = YES;
				CLANG_WARN_INT_CONVERSION = YES;
				CLANG_WARN_NON_LITERAL_NULL_CONVERSION = YES;
				CLANG_WARN_OBJC_IMPLICIT_RETAIN_SELF = YES;
				CLANG_WARN_OBJC_LITERAL_CONVERSION = YES;
				CLANG_WARN_OBJC_ROOT_CLASS = YES_ERROR;
				CLANG_WARN_QUOTED_INCLUDE_IN_FRAMEWORK_HEADER = YES;
				CLANG_WARN_RANGE_LOOP_ANALYSIS = YES;
				CLANG_WARN_STRICT_PROTOTYPES = YES;
				CLANG_WARN_SUSPICIOUS_MOVE = YES;
				CLANG_WARN_UNGUARDED_AVAILABILITY = YES_AGGRESSIVE;
				CLANG_WARN_UNREACHABLE_CODE = YES;
				CLANG_WARN__DUPLICATE_METHOD_MATCH = YES;
				COPY_PHASE_STRIP = NO;
				DEBUG_INFORMATION_FORMAT = dwarf;
				ENABLE_BITCODE = NO;
				ENABLE_STRICT_OBJC_MSGSEND = YES;
				ENABLE_TESTABILITY = YES;
				GCC_C_LANGUAGE_STANDARD = gnu11;
				GCC_DYNAMIC_NO_PIC = NO;
				GCC_NO_COMMON_BLOCKS = YES;
				GCC_OPTIMIZATION_LEVEL = 0;
				GCC_PREPROCESSOR_DEFINITIONS = (
					"DEBUG=1",
					"$(inherited)",
				);
				GCC_WARN_64_TO_32_BIT_CONVERSION = YES;
				GCC_WARN_ABOUT_RETURN_TYPE = YES_ERROR;
				GCC_WARN_UNDECLARED_SELECTOR = YES;
				GCC_WARN_UNINITIALIZED_AUTOS = YES_AGGRESSIVE;
				GCC_WARN_UNUSED_FUNCTION = YES;
				GCC_WARN_UNUSED_VARIABLE = YES;
				IPHONEOS_DEPLOYMENT_TARGET = 14.4;
				MTL_ENABLE_DEBUG_INFO = INCLUDE_SOURCE;
				MTL_FAST_MATH = YES;
				ONLY_ACTIVE_ARCH = YES;
				SDKROOT = iphoneos;
				SWIFT_ACTIVE_COMPILATION_CONDITIONS = DEBUG;
				SWIFT_OPTIMIZATION_LEVEL = "-Onone";
			};
			name = Debug;
		};
		1935BBBB24290F9800C764C1 /* Release */ = {
			isa = XCBuildConfiguration;
			buildSettings = {
				ALWAYS_SEARCH_USER_PATHS = NO;
				CLANG_ANALYZER_NONNULL = YES;
				CLANG_ANALYZER_NUMBER_OBJECT_CONVERSION = YES_AGGRESSIVE;
				CLANG_CXX_LANGUAGE_STANDARD = "gnu++14";
				CLANG_CXX_LIBRARY = "libc++";
				CLANG_ENABLE_MODULES = YES;
				CLANG_ENABLE_OBJC_ARC = YES;
				CLANG_ENABLE_OBJC_WEAK = YES;
				CLANG_WARN_BLOCK_CAPTURE_AUTORELEASING = YES;
				CLANG_WARN_BOOL_CONVERSION = YES;
				CLANG_WARN_COMMA = YES;
				CLANG_WARN_CONSTANT_CONVERSION = YES;
				CLANG_WARN_DEPRECATED_OBJC_IMPLEMENTATIONS = YES;
				CLANG_WARN_DIRECT_OBJC_ISA_USAGE = YES_ERROR;
				CLANG_WARN_DOCUMENTATION_COMMENTS = YES;
				CLANG_WARN_EMPTY_BODY = YES;
				CLANG_WARN_ENUM_CONVERSION = YES;
				CLANG_WARN_INFINITE_RECURSION = YES;
				CLANG_WARN_INT_CONVERSION = YES;
				CLANG_WARN_NON_LITERAL_NULL_CONVERSION = YES;
				CLANG_WARN_OBJC_IMPLICIT_RETAIN_SELF = YES;
				CLANG_WARN_OBJC_LITERAL_CONVERSION = YES;
				CLANG_WARN_OBJC_ROOT_CLASS = YES_ERROR;
				CLANG_WARN_QUOTED_INCLUDE_IN_FRAMEWORK_HEADER = YES;
				CLANG_WARN_RANGE_LOOP_ANALYSIS = YES;
				CLANG_WARN_STRICT_PROTOTYPES = YES;
				CLANG_WARN_SUSPICIOUS_MOVE = YES;
				CLANG_WARN_UNGUARDED_AVAILABILITY = YES_AGGRESSIVE;
				CLANG_WARN_UNREACHABLE_CODE = YES;
				CLANG_WARN__DUPLICATE_METHOD_MATCH = YES;
				COPY_PHASE_STRIP = NO;
				DEBUG_INFORMATION_FORMAT = "dwarf-with-dsym";
				ENABLE_BITCODE = NO;
				ENABLE_NS_ASSERTIONS = NO;
				ENABLE_STRICT_OBJC_MSGSEND = YES;
				GCC_C_LANGUAGE_STANDARD = gnu11;
				GCC_NO_COMMON_BLOCKS = YES;
				GCC_WARN_64_TO_32_BIT_CONVERSION = YES;
				GCC_WARN_ABOUT_RETURN_TYPE = YES_ERROR;
				GCC_WARN_UNDECLARED_SELECTOR = YES;
				GCC_WARN_UNINITIALIZED_AUTOS = YES_AGGRESSIVE;
				GCC_WARN_UNUSED_FUNCTION = YES;
				GCC_WARN_UNUSED_VARIABLE = YES;
				IPHONEOS_DEPLOYMENT_TARGET = 14.4;
				MTL_ENABLE_DEBUG_INFO = NO;
				MTL_FAST_MATH = YES;
				SDKROOT = iphoneos;
				SWIFT_COMPILATION_MODE = wholemodule;
				SWIFT_OPTIMIZATION_LEVEL = "-O";
				VALIDATE_PRODUCT = YES;
			};
			name = Release;
		};
		1935BBBD24290F9800C764C1 /* Debug */ = {
			isa = XCBuildConfiguration;
			buildSettings = {
				ASSETCATALOG_COMPILER_APPICON_NAME = AppIcon;
				CODE_SIGN_STYLE = Automatic;
				DEVELOPMENT_TEAM = 34LGX7BY89;
				FRAMEWORK_SEARCH_PATHS = "$(inherited)";
				INFOPLIST_FILE = "First Attempt/Info.plist";
				LD_RUNPATH_SEARCH_PATHS = (
					"$(inherited)",
					"@executable_path/Frameworks",
				);
				PRODUCT_BUNDLE_IDENTIFIER = "upc.workshop.first-attempt1";
				PRODUCT_NAME = "$(TARGET_NAME)";
				SWIFT_VERSION = 5.0;
				TARGETED_DEVICE_FAMILY = "1,2";
			};
			name = Debug;
		};
		1935BBBE24290F9800C764C1 /* Release */ = {
			isa = XCBuildConfiguration;
			buildSettings = {
				ASSETCATALOG_COMPILER_APPICON_NAME = AppIcon;
				CODE_SIGN_STYLE = Automatic;
				DEVELOPMENT_TEAM = 34LGX7BY89;
				FRAMEWORK_SEARCH_PATHS = "$(inherited)";
				INFOPLIST_FILE = "First Attempt/Info.plist";
				LD_RUNPATH_SEARCH_PATHS = (
					"$(inherited)",
					"@executable_path/Frameworks",
				);
				PRODUCT_BUNDLE_IDENTIFIER = "upc.workshop.first-attempt1";
				PRODUCT_NAME = "$(TARGET_NAME)";
				SWIFT_VERSION = 5.0;
				TARGETED_DEVICE_FAMILY = "1,2";
			};
			name = Release;
		};
/* End XCBuildConfiguration section */

/* Begin XCConfigurationList section */
		1935BBA324290F9400C764C1 /* Build configuration list for PBXProject "First Attempt" */ = {
			isa = XCConfigurationList;
			buildConfigurations = (
				1935BBBA24290F9800C764C1 /* Debug */,
				1935BBBB24290F9800C764C1 /* Release */,
			);
			defaultConfigurationIsVisible = 0;
			defaultConfigurationName = Release;
		};
		1935BBBC24290F9800C764C1 /* Build configuration list for PBXNativeTarget "First Attempt" */ = {
			isa = XCConfigurationList;
			buildConfigurations = (
				1935BBBD24290F9800C764C1 /* Debug */,
				1935BBBE24290F9800C764C1 /* Release */,
			);
			defaultConfigurationIsVisible = 0;
			defaultConfigurationName = Release;
		};
/* End XCConfigurationList section */
	};
	rootObject = 1935BBA024290F9400C764C1 /* Project object */;
}
