// !$*UTF8*$!
{
	archiveVersion = 1;
	classes = {
	};
	objectVersion = 50;
	objects = {

/* Begin PBXBuildFile section */
		192222BF245D0A09001364E9 /* Utils.swift in Sources */ = {isa = PBXBuildFile; fileRef = 192222BE245D0A09001364E9 /* Utils.swift */; };
		192222C1245D0B63001364E9 /* ViewController+MultipeerSession.swift in Sources */ = {isa = PBXBuildFile; fileRef = 192222C0245D0B63001364E9 /* ViewController+MultipeerSession.swift */; };
		192EEFE3243A7F9D00EAE788 /* ViewController.swift in Sources */ = {isa = PBXBuildFile; fileRef = 192EEFE2243A7F9D00EAE788 /* ViewController.swift */; };
		1935BBAC24290F9500C764C1 /* AppDelegate.swift in Sources */ = {isa = PBXBuildFile; fileRef = 1935BBAB24290F9500C764C1 /* AppDelegate.swift */; };
		1935BBB024290F9500C764C1 /* Experience.rcproject in Sources */ = {isa = PBXBuildFile; fileRef = 1935BBAF24290F9500C764C1 /* Experience.rcproject */; };
		1935BBB324290F9500C764C1 /* Main.storyboard in Resources */ = {isa = PBXBuildFile; fileRef = 1935BBB124290F9500C764C1 /* Main.storyboard */; };
		1935BBB524290F9800C764C1 /* Assets.xcassets in Resources */ = {isa = PBXBuildFile; fileRef = 1935BBB424290F9800C764C1 /* Assets.xcassets */; };
		1935BBB824290F9800C764C1 /* LaunchScreen.storyboard in Resources */ = {isa = PBXBuildFile; fileRef = 1935BBB624290F9800C764C1 /* LaunchScreen.storyboard */; };
		1937FA1D24356C850084B986 /* stone_floor.usdz in Resources */ = {isa = PBXBuildFile; fileRef = 1937FA1C24356C850084B986 /* stone_floor.usdz */; };
		19CA62C62454500D007F9198 /* MultipeerSession.swift in Sources */ = {isa = PBXBuildFile; fileRef = 19CA62C52454500D007F9198 /* MultipeerSession.swift */; };
		19CA62C824545074007F9198 /* ViewController+CoachingOverlay.swift in Sources */ = {isa = PBXBuildFile; fileRef = 19CA62C724545074007F9198 /* ViewController+CoachingOverlay.swift */; };
		19FF8EE6245DB13D00969996 /* toy_robot_vintage.usdz in Resources */ = {isa = PBXBuildFile; fileRef = 19FF8EE5245DB13D00969996 /* toy_robot_vintage.usdz */; };
		19FF8EF0245DBDDF00969996 /* toy_drummer.usdz in Resources */ = {isa = PBXBuildFile; fileRef = 19FF8EEE245DBDDF00969996 /* toy_drummer.usdz */; };
		19FF8EF42461B86F00969996 /* mech_drone.usdz in Resources */ = {isa = PBXBuildFile; fileRef = 19FF8EF32461B86F00969996 /* mech_drone.usdz */; };
		19FF8EFC2461EA6E00969996 /* turret_gun.usdz in Resources */ = {isa = PBXBuildFile; fileRef = 19FF8EFB2461EA6E00969996 /* turret_gun.usdz */; };
		19FF8EFE24627EB000969996 /* tower_placing.usdz in Resources */ = {isa = PBXBuildFile; fileRef = 19FF8EFD24627EB000969996 /* tower_placing.usdz */; };
		19FF8F002462913200969996 /* placing_glyph.usdz in Resources */ = {isa = PBXBuildFile; fileRef = 19FF8EFF2462913200969996 /* placing_glyph.usdz */; };
		19FF8F022462979100969996 /* Components.swift in Sources */ = {isa = PBXBuildFile; fileRef = 19FF8F012462979100969996 /* Components.swift */; };
/* End PBXBuildFile section */

/* Begin PBXFileReference section */
		192222BE245D0A09001364E9 /* Utils.swift */ = {isa = PBXFileReference; lastKnownFileType = sourcecode.swift; path = Utils.swift; sourceTree = "<group>"; };
		192222C0245D0B63001364E9 /* ViewController+MultipeerSession.swift */ = {isa = PBXFileReference; lastKnownFileType = sourcecode.swift; path = "ViewController+MultipeerSession.swift"; sourceTree = "<group>"; };
		192EEFE2243A7F9D00EAE788 /* ViewController.swift */ = {isa = PBXFileReference; fileEncoding = 4; lastKnownFileType = sourcecode.swift; path = ViewController.swift; sourceTree = "<group>"; };
		1935BBA824290F9500C764C1 /* First Attempt.app */ = {isa = PBXFileReference; explicitFileType = wrapper.application; includeInIndex = 0; path = "First Attempt.app"; sourceTree = BUILT_PRODUCTS_DIR; };
		1935BBAB24290F9500C764C1 /* AppDelegate.swift */ = {isa = PBXFileReference; lastKnownFileType = sourcecode.swift; path = AppDelegate.swift; sourceTree = "<group>"; };
		1935BBAF24290F9500C764C1 /* Experience.rcproject */ = {isa = PBXFileReference; lastKnownFileType = file.rcproject; path = Experience.rcproject; sourceTree = "<group>"; };
		1935BBB224290F9500C764C1 /* Base */ = {isa = PBXFileReference; lastKnownFileType = file.storyboard; name = Base; path = Base.lproj/Main.storyboard; sourceTree = "<group>"; };
		1935BBB424290F9800C764C1 /* Assets.xcassets */ = {isa = PBXFileReference; lastKnownFileType = folder.assetcatalog; path = Assets.xcassets; sourceTree = "<group>"; };
		1935BBB724290F9800C764C1 /* Base */ = {isa = PBXFileReference; lastKnownFileType = file.storyboard; name = Base; path = Base.lproj/LaunchScreen.storyboard; sourceTree = "<group>"; };
		1935BBB924290F9800C764C1 /* Info.plist */ = {isa = PBXFileReference; lastKnownFileType = text.plist.xml; path = Info.plist; sourceTree = "<group>"; };
		1937FA1C24356C850084B986 /* stone_floor.usdz */ = {isa = PBXFileReference; lastKnownFileType = file.usdz; path = stone_floor.usdz; sourceTree = "<group>"; };
		19B0EDD3243851700045E263 /* WebRTC.framework */ = {isa = PBXFileReference; lastKnownFileType = wrapper.framework; name = WebRTC.framework; path = Pods/GoogleWebRTC/Frameworks/frameworks/WebRTC.framework; sourceTree = "<group>"; };
		19CA62C52454500D007F9198 /* MultipeerSession.swift */ = {isa = PBXFileReference; fileEncoding = 4; lastKnownFileType = sourcecode.swift; path = MultipeerSession.swift; sourceTree = "<group>"; };
		19CA62C724545074007F9198 /* ViewController+CoachingOverlay.swift */ = {isa = PBXFileReference; fileEncoding = 4; lastKnownFileType = sourcecode.swift; path = "ViewController+CoachingOverlay.swift"; sourceTree = "<group>"; };
		19FF8EE5245DB13D00969996 /* toy_robot_vintage.usdz */ = {isa = PBXFileReference; lastKnownFileType = file.usdz; path = toy_robot_vintage.usdz; sourceTree = "<group>"; };
		19FF8EEE245DBDDF00969996 /* toy_drummer.usdz */ = {isa = PBXFileReference; lastKnownFileType = file.usdz; path = toy_drummer.usdz; sourceTree = "<group>"; };
		19FF8EF32461B86F00969996 /* mech_drone.usdz */ = {isa = PBXFileReference; lastKnownFileType = file.usdz; path = mech_drone.usdz; sourceTree = "<group>"; };
		19FF8EFB2461EA6E00969996 /* turret_gun.usdz */ = {isa = PBXFileReference; lastKnownFileType = file.usdz; path = turret_gun.usdz; sourceTree = "<group>"; };
		19FF8EFD24627EB000969996 /* tower_placing.usdz */ = {isa = PBXFileReference; lastKnownFileType = file.usdz; path = tower_placing.usdz; sourceTree = "<group>"; };
		19FF8EFF2462913200969996 /* placing_glyph.usdz */ = {isa = PBXFileReference; lastKnownFileType = file.usdz; path = placing_glyph.usdz; sourceTree = "<group>"; };
		19FF8F012462979100969996 /* Components.swift */ = {isa = PBXFileReference; lastKnownFileType = sourcecode.swift; path = Components.swift; sourceTree = "<group>"; };
/* End PBXFileReference section */

/* Begin PBXFrameworksBuildPhase section */
		1935BBA524290F9500C764C1 /* Frameworks */ = {
			isa = PBXFrameworksBuildPhase;
			buildActionMask = 2147483647;
			files = (
			);
			runOnlyForDeploymentPostprocessing = 0;
		};
/* End PBXFrameworksBuildPhase section */

/* Begin PBXGroup section */
		192222C2245D0B6D001364E9 /* Network */ = {
			isa = PBXGroup;
			children = (
				19CA62C52454500D007F9198 /* MultipeerSession.swift */,
			);
			path = Network;
			sourceTree = "<group>";
		};
		192222C3245D0B84001364E9 /* Utils */ = {
			isa = PBXGroup;
			children = (
				192222BE245D0A09001364E9 /* Utils.swift */,
			);
			path = Utils;
			sourceTree = "<group>";
		};
		1935BB9F24290F9400C764C1 = {
			isa = PBXGroup;
			children = (
				1935BBAA24290F9500C764C1 /* First Attempt */,
				1935BBA924290F9500C764C1 /* Products */,
				7013098FE4898254999337E4 /* Pods */,
				EB7395D52FBF922820E95978 /* Frameworks */,
			);
			sourceTree = "<group>";
		};
		1935BBA924290F9500C764C1 /* Products */ = {
			isa = PBXGroup;
			children = (
				1935BBA824290F9500C764C1 /* First Attempt.app */,
			);
			name = Products;
			sourceTree = "<group>";
		};
		1935BBAA24290F9500C764C1 /* First Attempt */ = {
			isa = PBXGroup;
			children = (
				192222C3245D0B84001364E9 /* Utils */,
				192222C2245D0B6D001364E9 /* Network */,
				1935BBAB24290F9500C764C1 /* AppDelegate.swift */,
				19FF8F012462979100969996 /* Components.swift */,
				192EEFE2243A7F9D00EAE788 /* ViewController.swift */,
				192222C0245D0B63001364E9 /* ViewController+MultipeerSession.swift */,
				19CA62C724545074007F9198 /* ViewController+CoachingOverlay.swift */,
				1935BBB124290F9500C764C1 /* Main.storyboard */,
				1935BBB424290F9800C764C1 /* Assets.xcassets */,
				19FF8EF32461B86F00969996 /* mech_drone.usdz */,
				19FF8EFF2462913200969996 /* placing_glyph.usdz */,
				19FF8EFD24627EB000969996 /* tower_placing.usdz */,
				19FF8EFB2461EA6E00969996 /* turret_gun.usdz */,
				19FF8EE5245DB13D00969996 /* toy_robot_vintage.usdz */,
				19FF8EEE245DBDDF00969996 /* toy_drummer.usdz */,
				1937FA1C24356C850084B986 /* stone_floor.usdz */,
				1935BBB624290F9800C764C1 /* LaunchScreen.storyboard */,
				1935BBB924290F9800C764C1 /* Info.plist */,
				1935BBAF24290F9500C764C1 /* Experience.rcproject */,
			);
			path = "First Attempt";
			sourceTree = "<group>";
		};
		7013098FE4898254999337E4 /* Pods */ = {
			isa = PBXGroup;
			children = (
			);
			path = Pods;
			sourceTree = "<group>";
		};
		EB7395D52FBF922820E95978 /* Frameworks */ = {
			isa = PBXGroup;
			children = (
				19B0EDD3243851700045E263 /* WebRTC.framework */,
			);
			name = Frameworks;
			sourceTree = "<group>";
		};
/* End PBXGroup section */

/* Begin PBXNativeTarget section */
		1935BBA724290F9500C764C1 /* First Attempt */ = {
			isa = PBXNativeTarget;
			buildConfigurationList = 1935BBBC24290F9800C764C1 /* Build configuration list for PBXNativeTarget "First Attempt" */;
			buildPhases = (
				1935BBA424290F9500C764C1 /* Sources */,
				1935BBA524290F9500C764C1 /* Frameworks */,
				1935BBA624290F9500C764C1 /* Resources */,
			);
			buildRules = (
			);
			dependencies = (
			);
			name = "First Attempt";
			productName = "First Attempt";
			productReference = 1935BBA824290F9500C764C1 /* First Attempt.app */;
			productType = "com.apple.product-type.application";
		};
/* End PBXNativeTarget section */

/* Begin PBXProject section */
		1935BBA024290F9400C764C1 /* Project object */ = {
			isa = PBXProject;
			attributes = {
				LastSwiftUpdateCheck = 1130;
				LastUpgradeCheck = 1130;
				ORGANIZATIONNAME = "Daniel Aragon";
				TargetAttributes = {
					1935BBA724290F9500C764C1 = {
						CreatedOnToolsVersion = 11.3.1;
					};
				};
			};
			buildConfigurationList = 1935BBA324290F9400C764C1 /* Build configuration list for PBXProject "First Attempt" */;
			compatibilityVersion = "Xcode 9.3";
			developmentRegion = en;
			hasScannedForEncodings = 0;
			knownRegions = (
				en,
				Base,
			);
			mainGroup = 1935BB9F24290F9400C764C1;
			productRefGroup = 1935BBA924290F9500C764C1 /* Products */;
			projectDirPath = "";
			projectRoot = "";
			targets = (
				1935BBA724290F9500C764C1 /* First Attempt */,
			);
		};
/* End PBXProject section */

/* Begin PBXResourcesBuildPhase section */
		1935BBA624290F9500C764C1 /* Resources */ = {
			isa = PBXResourcesBuildPhase;
			buildActionMask = 2147483647;
			files = (
				1935BBB824290F9800C764C1 /* LaunchScreen.storyboard in Resources */,
				19FF8EFC2461EA6E00969996 /* turret_gun.usdz in Resources */,
				19FF8EE6245DB13D00969996 /* toy_robot_vintage.usdz in Resources */,
				19FF8F002462913200969996 /* placing_glyph.usdz in Resources */,
				1937FA1D24356C850084B986 /* stone_floor.usdz in Resources */,
				19FF8EF0245DBDDF00969996 /* toy_drummer.usdz in Resources */,
				1935BBB524290F9800C764C1 /* Assets.xcassets in Resources */,
				1935BBB324290F9500C764C1 /* Main.storyboard in Resources */,
				19FF8EF42461B86F00969996 /* mech_drone.usdz in Resources */,
				19FF8EFE24627EB000969996 /* tower_placing.usdz in Resources */,
			);
			runOnlyForDeploymentPostprocessing = 0;
		};
/* End PBXResourcesBuildPhase section */

/* Begin PBXSourcesBuildPhase section */
		1935BBA424290F9500C764C1 /* Sources */ = {
			isa = PBXSourcesBuildPhase;
			buildActionMask = 2147483647;
			files = (
				19CA62C62454500D007F9198 /* MultipeerSession.swift in Sources */,
				19FF8F022462979100969996 /* Components.swift in Sources */,
				19CA62C824545074007F9198 /* ViewController+CoachingOverlay.swift in Sources */,
				1935BBAC24290F9500C764C1 /* AppDelegate.swift in Sources */,
				192EEFE3243A7F9D00EAE788 /* ViewController.swift in Sources */,
				1935BBB024290F9500C764C1 /* Experience.rcproject in Sources */,
				192222BF245D0A09001364E9 /* Utils.swift in Sources */,
				192222C1245D0B63001364E9 /* ViewController+MultipeerSession.swift in Sources */,
			);
			runOnlyForDeploymentPostprocessing = 0;
		};
/* End PBXSourcesBuildPhase section */

/* Begin PBXVariantGroup section */
		1935BBB124290F9500C764C1 /* Main.storyboard */ = {
			isa = PBXVariantGroup;
			children = (
				1935BBB224290F9500C764C1 /* Base */,
			);
			name = Main.storyboard;
			sourceTree = "<group>";
		};
		1935BBB624290F9800C764C1 /* LaunchScreen.storyboard */ = {
			isa = PBXVariantGroup;
			children = (
				1935BBB724290F9800C764C1 /* Base */,
			);
			name = LaunchScreen.storyboard;
			sourceTree = "<group>";
		};
/* End PBXVariantGroup section */

/* Begin XCBuildConfiguration section */
		1935BBBA24290F9800C764C1 /* Debug */ = {
			isa = XCBuildConfiguration;
			buildSettings = {
				ALWAYS_SEARCH_USER_PATHS = NO;
				CLANG_ANALYZER_NONNULL = YES;
				CLANG_ANALYZER_NUMBER_OBJECT_CONVERSION = YES_AGGRESSIVE;
				CLANG_CXX_LANGUAGE_STANDARD = "gnu++14";
				CLANG_CXX_LIBRARY = "libc++";
				CLANG_ENABLE_MODULES = YES;
				CLANG_ENABLE_OBJC_ARC = YES;
				CLANG_ENABLE_OBJC_WEAK = YES;
				CLANG_WARN_BLOCK_CAPTURE_AUTORELEASING = YES;
				CLANG_WARN_BOOL_CONVERSION = YES;
				CLANG_WARN_COMMA = YES;
				CLANG_WARN_CONSTANT_CONVERSION = YES;
				CLANG_WARN_DEPRECATED_OBJC_IMPLEMENTATIONS = YES;
				CLANG_WARN_DIRECT_OBJC_ISA_USAGE = YES_ERROR;
				CLANG_WARN_DOCUMENTATION_COMMENTS = YES;
				CLANG_WARN_EMPTY_BODY = YES;
				CLANG_WARN_ENUM_CONVERSION = YES;
				CLANG_WARN_INFINITE_RECURSION = YES;
				CLANG_WARN_INT_CONVERSION = YES;
				CLANG_WARN_NON_LITERAL_NULL_CONVERSION = YES;
				CLANG_WARN_OBJC_IMPLICIT_RETAIN_SELF = YES;
				CLANG_WARN_OBJC_LITERAL_CONVERSION = YES;
				CLANG_WARN_OBJC_ROOT_CLASS = YES_ERROR;
				CLANG_WARN_RANGE_LOOP_ANALYSIS = YES;
				CLANG_WARN_STRICT_PROTOTYPES = YES;
				CLANG_WARN_SUSPICIOUS_MOVE = YES;
				CLANG_WARN_UNGUARDED_AVAILABILITY = YES_AGGRESSIVE;
				CLANG_WARN_UNREACHABLE_CODE = YES;
				CLANG_WARN__DUPLICATE_METHOD_MATCH = YES;
				COPY_PHASE_STRIP = NO;
				DEBUG_INFORMATION_FORMAT = dwarf;
				ENABLE_BITCODE = NO;
				ENABLE_STRICT_OBJC_MSGSEND = YES;
				ENABLE_TESTABILITY = YES;
				GCC_C_LANGUAGE_STANDARD = gnu11;
				GCC_DYNAMIC_NO_PIC = NO;
				GCC_NO_COMMON_BLOCKS = YES;
				GCC_OPTIMIZATION_LEVEL = 0;
				GCC_PREPROCESSOR_DEFINITIONS = (
					"DEBUG=1",
					"$(inherited)",
				);
				GCC_WARN_64_TO_32_BIT_CONVERSION = YES;
				GCC_WARN_ABOUT_RETURN_TYPE = YES_ERROR;
				GCC_WARN_UNDECLARED_SELECTOR = YES;
				GCC_WARN_UNINITIALIZED_AUTOS = YES_AGGRESSIVE;
				GCC_WARN_UNUSED_FUNCTION = YES;
				GCC_WARN_UNUSED_VARIABLE = YES;
				IPHONEOS_DEPLOYMENT_TARGET = 13.0;
				MTL_ENABLE_DEBUG_INFO = INCLUDE_SOURCE;
				MTL_FAST_MATH = YES;
				ONLY_ACTIVE_ARCH = YES;
				SDKROOT = iphoneos;
				SWIFT_ACTIVE_COMPILATION_CONDITIONS = DEBUG;
				SWIFT_OPTIMIZATION_LEVEL = "-Onone";
			};
			name = Debug;
		};
		1935BBBB24290F9800C764C1 /* Release */ = {
			isa = XCBuildConfiguration;
			buildSettings = {
				ALWAYS_SEARCH_USER_PATHS = NO;
				CLANG_ANALYZER_NONNULL = YES;
				CLANG_ANALYZER_NUMBER_OBJECT_CONVERSION = YES_AGGRESSIVE;
				CLANG_CXX_LANGUAGE_STANDARD = "gnu++14";
				CLANG_CXX_LIBRARY = "libc++";
				CLANG_ENABLE_MODULES = YES;
				CLANG_ENABLE_OBJC_ARC = YES;
				CLANG_ENABLE_OBJC_WEAK = YES;
				CLANG_WARN_BLOCK_CAPTURE_AUTORELEASING = YES;
				CLANG_WARN_BOOL_CONVERSION = YES;
				CLANG_WARN_COMMA = YES;
				CLANG_WARN_CONSTANT_CONVERSION = YES;
				CLANG_WARN_DEPRECATED_OBJC_IMPLEMENTATIONS = YES;
				CLANG_WARN_DIRECT_OBJC_ISA_USAGE = YES_ERROR;
				CLANG_WARN_DOCUMENTATION_COMMENTS = YES;
				CLANG_WARN_EMPTY_BODY = YES;
				CLANG_WARN_ENUM_CONVERSION = YES;
				CLANG_WARN_INFINITE_RECURSION = YES;
				CLANG_WARN_INT_CONVERSION = YES;
				CLANG_WARN_NON_LITERAL_NULL_CONVERSION = YES;
				CLANG_WARN_OBJC_IMPLICIT_RETAIN_SELF = YES;
				CLANG_WARN_OBJC_LITERAL_CONVERSION = YES;
				CLANG_WARN_OBJC_ROOT_CLASS = YES_ERROR;
				CLANG_WARN_RANGE_LOOP_ANALYSIS = YES;
				CLANG_WARN_STRICT_PROTOTYPES = YES;
				CLANG_WARN_SUSPICIOUS_MOVE = YES;
				CLANG_WARN_UNGUARDED_AVAILABILITY = YES_AGGRESSIVE;
				CLANG_WARN_UNREACHABLE_CODE = YES;
				CLANG_WARN__DUPLICATE_METHOD_MATCH = YES;
				COPY_PHASE_STRIP = NO;
				DEBUG_INFORMATION_FORMAT = "dwarf-with-dsym";
				ENABLE_BITCODE = NO;
				ENABLE_NS_ASSERTIONS = NO;
				ENABLE_STRICT_OBJC_MSGSEND = YES;
				GCC_C_LANGUAGE_STANDARD = gnu11;
				GCC_NO_COMMON_BLOCKS = YES;
				GCC_WARN_64_TO_32_BIT_CONVERSION = YES;
				GCC_WARN_ABOUT_RETURN_TYPE = YES_ERROR;
				GCC_WARN_UNDECLARED_SELECTOR = YES;
				GCC_WARN_UNINITIALIZED_AUTOS = YES_AGGRESSIVE;
				GCC_WARN_UNUSED_FUNCTION = YES;
				GCC_WARN_UNUSED_VARIABLE = YES;
				IPHONEOS_DEPLOYMENT_TARGET = 13.0;
				MTL_ENABLE_DEBUG_INFO = NO;
				MTL_FAST_MATH = YES;
				SDKROOT = iphoneos;
				SWIFT_COMPILATION_MODE = wholemodule;
				SWIFT_OPTIMIZATION_LEVEL = "-O";
				VALIDATE_PRODUCT = YES;
			};
			name = Release;
		};
		1935BBBD24290F9800C764C1 /* Debug */ = {
			isa = XCBuildConfiguration;
			buildSettings = {
				ASSETCATALOG_COMPILER_APPICON_NAME = AppIcon;
				CODE_SIGN_STYLE = Automatic;
				DEVELOPMENT_TEAM = 438BTGM47G;
				FRAMEWORK_SEARCH_PATHS = (
					"$(inherited)",
					"$(PROJECT_DIR)/Pods/GoogleWebRTC/Frameworks/frameworks",
				);
				INFOPLIST_FILE = "First Attempt/Info.plist";
				LD_RUNPATH_SEARCH_PATHS = (
					"$(inherited)",
					"@executable_path/Frameworks",
				);
				PRODUCT_BUNDLE_IDENTIFIER = "upc.pworkshop.demo.First-Attempt";
				PRODUCT_NAME = "$(TARGET_NAME)";
				SWIFT_VERSION = 5.0;
				TARGETED_DEVICE_FAMILY = "1,2";
			};
			name = Debug;
		};
		1935BBBE24290F9800C764C1 /* Release */ = {
			isa = XCBuildConfiguration;
			buildSettings = {
				ASSETCATALOG_COMPILER_APPICON_NAME = AppIcon;
				CODE_SIGN_STYLE = Automatic;
				DEVELOPMENT_TEAM = 438BTGM47G;
				FRAMEWORK_SEARCH_PATHS = (
					"$(inherited)",
					"$(PROJECT_DIR)/Pods/GoogleWebRTC/Frameworks/frameworks",
				);
				INFOPLIST_FILE = "First Attempt/Info.plist";
				LD_RUNPATH_SEARCH_PATHS = (
					"$(inherited)",
					"@executable_path/Frameworks",
				);
				PRODUCT_BUNDLE_IDENTIFIER = "upc.pworkshop.demo.First-Attempt";
				PRODUCT_NAME = "$(TARGET_NAME)";
				SWIFT_VERSION = 5.0;
				TARGETED_DEVICE_FAMILY = "1,2";
			};
			name = Release;
		};
/* End XCBuildConfiguration section */

/* Begin XCConfigurationList section */
		1935BBA324290F9400C764C1 /* Build configuration list for PBXProject "First Attempt" */ = {
			isa = XCConfigurationList;
			buildConfigurations = (
				1935BBBA24290F9800C764C1 /* Debug */,
				1935BBBB24290F9800C764C1 /* Release */,
			);
			defaultConfigurationIsVisible = 0;
			defaultConfigurationName = Release;
		};
		1935BBBC24290F9800C764C1 /* Build configuration list for PBXNativeTarget "First Attempt" */ = {
			isa = XCConfigurationList;
			buildConfigurations = (
				1935BBBD24290F9800C764C1 /* Debug */,
				1935BBBE24290F9800C764C1 /* Release */,
			);
			defaultConfigurationIsVisible = 0;
			defaultConfigurationName = Release;
		};
/* End XCConfigurationList section */
	};
	rootObject = 1935BBA024290F9400C764C1 /* Project object */;
}
